
Microsoft Visual Studio Solution File, Format Version 12.00
# Visual Studio Version 17
VisualStudioVersion = 17.7.34221.43
MinimumVisualStudioVersion = 10.0.40219.1
Project("{FAE04EC0-301F-11D3-BF4B-00C04F79EFBC}") = "World", "World\World.csproj", "{A43EF38F-A845-4C08-9B38-C96402D02867}"
EndProject
Global
	GlobalSection(SolutionConfigurationPlatforms) = preSolution
		Debug|Any CPU = Debug|Any CPU
		Release|Any CPU = Release|Any CPU
	EndGlobalSection
	GlobalSection(ProjectConfigurationPlatforms) = postSolution
		{A43EF38F-A845-4C08-9B38-C96402D02867}.Debug|Any CPU.ActiveCfg = Debug|Any CPU
		{A43EF38F-A845-4C08-9B38-C96402D02867}.Debug|Any CPU.Build.0 = Debug|Any CPU
		{A43EF38F-A845-4C08-9B38-C96402D02867}.Release|Any CPU.ActiveCfg = Release|Any CPU
		{A43EF38F-A845-4C08-9B38-C96402D02867}.Release|Any CPU.Build.0 = Release|Any CPU
	EndGlobalSection
	GlobalSection(SolutionProperties) = preSolution
		HideSolutionNode = FALSE
	EndGlobalSection
	GlobalSection(ExtensibilityGlobals) = postSolution
		SolutionGuid = {F47D5544-47C0-459E-8B7B-0112936AFA90}
	EndGlobalSection
EndGlobal
